
Microsoft Visual Studio Solution File, Format Version 12.00
# Visual Studio Version 17
VisualStudioVersion = 17.4.33213.308
MinimumVisualStudioVersion = 10.0.40219.1
Project("{FAE04EC0-301F-11D3-BF4B-00C04F79EFBC}") = "FridayThe13thWarner", "FridayThe13thWarner\FridayThe13thWarner.csproj", "{AA0A99C4-E02B-46CB-83E5-6DEABCC191FA}"
EndProject
Global
	GlobalSection(SolutionConfigurationPlatforms) = preSolution
		Debug|Any CPU = Debug|Any CPU
		Release|Any CPU = Release|Any CPU
	EndGlobalSection
	GlobalSection(ProjectConfigurationPlatforms) = postSolution
		{AA0A99C4-E02B-46CB-83E5-6DEABCC191FA}.Debug|Any CPU.ActiveCfg = Debug|Any CPU
		{AA0A99C4-E02B-46CB-83E5-6DEABCC191FA}.Debug|Any CPU.Build.0 = Debug|Any CPU
		{AA0A99C4-E02B-46CB-83E5-6DEABCC191FA}.Release|Any CPU.ActiveCfg = Release|Any CPU
		{AA0A99C4-E02B-46CB-83E5-6DEABCC191FA}.Release|Any CPU.Build.0 = Release|Any CPU
	EndGlobalSection
	GlobalSection(SolutionProperties) = preSolution
		HideSolutionNode = FALSE
	EndGlobalSection
	GlobalSection(ExtensibilityGlobals) = postSolution
		SolutionGuid = {6D765A97-E72F-421E-941F-4EF67BF0C605}
	EndGlobalSection
EndGlobal
